
Microsoft Visual Studio Solution File, Format Version 12.00
# Visual Studio Version 17
VisualStudioVersion = 17.7.34221.43
MinimumVisualStudioVersion = 10.0.40219.1
Project("{2150E333-8FDC-42A3-9474-1A3956D46DE8}") = "src", "src", "{B7AB62FA-CAE4-4667-98F9-C5D4F9971D30}"
EndProject
Project("{2150E333-8FDC-42A3-9474-1A3956D46DE8}") = "Solution Items", "Solution Items", "{FC0EB9C0-F165-42D5-AD30-6434903562EB}"
	ProjectSection(SolutionItems) = preProject
		.editorconfig = .editorconfig
		.gitattributes = .gitattributes
		.gitignore = .gitignore
		AssemblyInfo.cs = AssemblyInfo.cs
		BannedSymbols.txt = BannedSymbols.txt
		Directory.Build.props = Directory.Build.props
		Directory.Packages.props = Directory.Packages.props
		global.json = global.json
		nuget.config = nuget.config
	EndProjectSection
EndProject
Project("{9A19103F-16F7-4668-BE54-9A1E7A4F7556}") = "DirectorySerializor", "src\DirectorySerializor\DirectorySerializor.csproj", "{B856FF8C-2413-4F19-956F-99D74068D0CC}"
EndProject
Project("{FAE04EC0-301F-11D3-BF4B-00C04F79EFBC}") = "Common", "src\Common\Common.csproj", "{CCD24610-B098-4A79-968A-680684E1379B}"
EndProject
Global
	GlobalSection(SolutionConfigurationPlatforms) = preSolution
		Debug|x64 = Debug|x64
		Release|x64 = Release|x64
	EndGlobalSection
	GlobalSection(ProjectConfigurationPlatforms) = postSolution
		{B856FF8C-2413-4F19-956F-99D74068D0CC}.Debug|x64.ActiveCfg = Debug|x64
		{B856FF8C-2413-4F19-956F-99D74068D0CC}.Debug|x64.Build.0 = Debug|x64
		{B856FF8C-2413-4F19-956F-99D74068D0CC}.Release|x64.ActiveCfg = Release|x64
		{B856FF8C-2413-4F19-956F-99D74068D0CC}.Release|x64.Build.0 = Release|x64
		{CCD24610-B098-4A79-968A-680684E1379B}.Debug|x64.ActiveCfg = Debug|x64
		{CCD24610-B098-4A79-968A-680684E1379B}.Debug|x64.Build.0 = Debug|x64
		{CCD24610-B098-4A79-968A-680684E1379B}.Release|x64.ActiveCfg = Release|x64
	EndGlobalSection
	GlobalSection(SolutionProperties) = preSolution
		HideSolutionNode = FALSE
	EndGlobalSection
	GlobalSection(NestedProjects) = preSolution
		{B856FF8C-2413-4F19-956F-99D74068D0CC} = {B7AB62FA-CAE4-4667-98F9-C5D4F9971D30}
		{CCD24610-B098-4A79-968A-680684E1379B} = {B7AB62FA-CAE4-4667-98F9-C5D4F9971D30}
	EndGlobalSection
	GlobalSection(ExtensibilityGlobals) = postSolution
		SolutionGuid = {A88FE35B-1BEC-4951-B779-CAB155F5DC79}
	EndGlobalSection
EndGlobal
